darvaza.org/core v0.15.0 h1:9BCUOH3Evu7l4KzqSr49AgQHw9hQSckYVzTkaa3bOB0=
darvaza.org/core v0.15.0/go.mod h1:pXwSuJ8r20wSBOS8s5QfhkI2UvRSZgriwYtSIa+fojs=
darvaza.org/slog v0.5.11 h1:sZzOxkdrYUOd41n1yWvJeLFplAztvRMb79+ohkI8mDc=
darvaza.org/slog v0.5.11/go.mod h1:JLS9NNxgNAMDGWburojgbMkd+pbn5u6G3GSbKWzsw2M=
golang.org/x/crypto v0.28.0 h1:GBDwsMXVQi34v5CCYUm2jkJvu4cbtru2U4TN2PSyQnw=
golang.org/x/crypto v0.28.0/go.mod h1:rmgy+3RHxRZMyY0jjAJShp2zgEdOqj2AO7U0pYmeQ7U=
golang.org/x/net v0.30.0 h1:AcW1SDZMkb8IpzCdQUaIq2sP4sZ4zw+55h6ynffypl4=
golang.org/x/net v0.30.0/go.mod h1:2wGyMJ5iFasEhkwi13ChkO/t1ECNC4X4eBKkVFyYFlU=
golang.org/x/text v0.19.0 h1:kTxAhCbGbxhK0IwgSKiMO5awPoDQ0RpfiVYBfK860YM=
golang.org/x/text v0.19.0/go.mod h1:BuEKDfySbSR4drPmRPG/7iBdf8hvFMuRexcpahXilzY=
