darvaza.org/core v0.16.3 h1:Q6pLcbvcBg42cgldEFcln7q6rIbbShDwJVqjSuRDY+U=
darvaza.org/core v0.16.3/go.mod h1:2waZw8lmo4E9B/R9XltA2bcUmZQURwEoct1iPLesDEQ=
golang.org/x/net v0.40.0 h1:79Xs7wF06Gbdcg4kdCCIQArK11Z1hr5POQ6+fIYHNuY=
golang.org/x/net v0.40.0/go.mod h1:y0hY0exeL2Pku80/zKK7tpntoX23cqL3Oa6njdgRtds=
golang.org/x/text v0.25.0 h1:qVyWApTSYLk/drJRO5mDlNYskwQznZmkpV2c8q9zls4=
golang.org/x/text v0.25.0/go.mod h1:WEdwpYrmk1qmdHvhkSTNPm3app7v4rsT8F2UD6+VHIA=
