darvaza.org/core v0.20.0 h1:VDPAWvQTLKWRxh337oM4Oti73gGjI30bcywYV+wD2GA=
darvaza.org/core v0.20.0/go.mod h1:GJN97FU/397WUTtm+BLeSkieAhtDevVm/lsGyHmkp0Y=
golang.org/x/net v0.56.0 h1:Rw8j/hFzGvJUZwNBXnAtf5sVDVt+65SK2C7IxCxZt5o=
golang.org/x/net v0.56.0/go.mod h1:D3Ku6r+V6JROoZK144D2XfMHFcMq/0zSfLelVTCFKec=
golang.org/x/text v0.40.0 h1:Ub2Z6/xjgF1WrYQz2nuITOEegKFtiIy+rieRJ5lHZKs=
golang.org/x/text v0.40.0/go.mod h1:hpnzDAfGV753zIKo+wk3u1bVKCGPbrnF7+7LBF/UHVY=
