darvaza.org/core v0.20.0 h1:VDPAWvQTLKWRxh337oM4Oti73gGjI30bcywYV+wD2GA=
darvaza.org/core v0.20.0/go.mod h1:GJN97FU/397WUTtm+BLeSkieAhtDevVm/lsGyHmkp0Y=
darvaza.org/slog v0.9.1 h1:AuHBg30wONVTq/roOyHzkWI1fYi39tn2Py+fUM1t53o=
darvaza.org/slog v0.9.1/go.mod h1:xM4vcpoPzenTo7rNMsEgYlR4Xlo11COKKF0Emft0oPg=
darvaza.org/slog/handlers/discard v0.7.1 h1:6n51g+U1upXjC2c91+3dd2e1Lnveun4pF2ifK49lIyA=
darvaza.org/slog/handlers/discard v0.7.1/go.mod h1:hiLBlPPGV3ZKzg8diHz5Hpi0JvFfFcdb/1KjauLZv10=
darvaza.org/x/fs v0.6.0 h1:aCpfoFxji3l5S8RlfJJ+EPUnLAPPghkSwzumOG0TFMQ=
darvaza.org/x/fs v0.6.0/go.mod h1:j/Foi0YnxEpMU0ynhJHecD2F22w3Q8G7yMKXv8OtJZc=
darvaza.org/x/sync v0.4.2 h1:woByoWCNWfZXa7kaeB8AzAtlEC8qFX4CsKyN21x60fY=
darvaza.org/x/sync v0.4.2/go.mod h1:mxbx7HHX7IQeR3wHCJVFy/vr4ouDiRn3QFNTI7/F5mE=
github.com/amery/defaults v0.1.0 h1:4AhTgLUnj8BPjVRBzg4+/cSCwPWPT6+yWCM4rD6Feyc=
github.com/amery/defaults v0.1.0/go.mod h1:duOYkvd60q8XOL1+vdSHx5ABTGDMU2iFKr5xJnMEpBk=
github.com/gobwas/glob v0.2.3 h1:A4xDbljILXROh+kObIiy5kIaPYD8e96x1tgBhUI5J+Y=
github.com/gobwas/glob v0.2.3/go.mod h1:d3Ez4x06l9bZtSvzIay5+Yzi0fmZzPgnTbPcKjJAkT8=
golang.org/x/net v0.56.0 h1:Rw8j/hFzGvJUZwNBXnAtf5sVDVt+65SK2C7IxCxZt5o=
golang.org/x/net v0.56.0/go.mod h1:D3Ku6r+V6JROoZK144D2XfMHFcMq/0zSfLelVTCFKec=
golang.org/x/sys v0.46.0 h1:noSf2Fq6F8DBgS+LysIkx7rIExoNHJsxOAtPp4rthXw=
golang.org/x/sys v0.46.0/go.mod h1:4GL1E5IUh+htKOUEOaiffhrAeqysfVGipDYzABqnCmw=
golang.org/x/text v0.39.0 h1:UbZz4pLOvn600D6Oh6GGEI6VAmndrEBLv8/6BEXzyus=
golang.org/x/text v0.39.0/go.mod h1:3UwRclnC2g0TU9x8PZiyfOajCd1zaUNHF9cvqcQZ+ZM=
