darvaza.org/core v0.19.0 h1:vK56K+4DyvaiFjB5iifzt6BwsldDOWcV2Dut6H0T958=
darvaza.org/core v0.19.0/go.mod h1:8+rhinVhCzJf814uPOYFRmj1D+8mO7bkbo/hrK0Lmkk=
darvaza.org/slog v0.9.0 h1:4rDJ157J2OPhV66hulXkCZRlAPOBkULowgXtJmJZEs8=
darvaza.org/slog v0.9.0/go.mod h1:k2vMkKtZNGXo46uo+YVIsFZa4oYQqvvI6Y6IE1h9QHM=
darvaza.org/slog/handlers/discard v0.7.0 h1:iqALaFsTCPs5roN17chwAd/9VVA+8Xq00EUlxte2zKQ=
darvaza.org/slog/handlers/discard v0.7.0/go.mod h1:4++w0cXiihdIWHCRALwgQvqYHxzit+4na59avUIgYuM=
darvaza.org/x/fs v0.6.0 h1:aCpfoFxji3l5S8RlfJJ+EPUnLAPPghkSwzumOG0TFMQ=
darvaza.org/x/fs v0.6.0/go.mod h1:j/Foi0YnxEpMU0ynhJHecD2F22w3Q8G7yMKXv8OtJZc=
github.com/amery/defaults v0.1.0 h1:4AhTgLUnj8BPjVRBzg4+/cSCwPWPT6+yWCM4rD6Feyc=
github.com/amery/defaults v0.1.0/go.mod h1:duOYkvd60q8XOL1+vdSHx5ABTGDMU2iFKr5xJnMEpBk=
github.com/gobwas/glob v0.2.3 h1:A4xDbljILXROh+kObIiy5kIaPYD8e96x1tgBhUI5J+Y=
github.com/gobwas/glob v0.2.3/go.mod h1:d3Ez4x06l9bZtSvzIay5+Yzi0fmZzPgnTbPcKjJAkT8=
golang.org/x/net v0.50.0 h1:ucWh9eiCGyDR3vtzso0WMQinm2Dnt8cFMuQa9K33J60=
golang.org/x/net v0.50.0/go.mod h1:UgoSli3F/pBgdJBHCTc+tp3gmrU4XswgGRgtnwWTfyM=
golang.org/x/sys v0.41.0 h1:Ivj+2Cp/ylzLiEU89QhWblYnOE9zerudt9Ftecq2C6k=
golang.org/x/sys v0.41.0/go.mod h1:OgkHotnGiDImocRcuBABYBEXf8A9a87e/uXjp9XT3ks=
golang.org/x/text v0.34.0 h1:oL/Qq0Kdaqxa1KbNeMKwQq0reLCCaFtqu2eNuSeNHbk=
golang.org/x/text v0.34.0/go.mod h1:homfLqTYRFyVYemLBFl5GgL/DWEiH5wcsQ5gSh1yziA=
