darvaza.org/core v0.15.3 h1:gfzWN8CyRrQVikFpEj89W4WZ00OIN8VYxRWHEwG2WyQ=
darvaza.org/core v0.15.3/go.mod h1:S8QWBUX2FOYcT7Cl3K6oG6PSJDm6/2cI79MPEyRh844=
darvaza.org/slog v0.5.14 h1:F8+OU0u3GbfNzHaJRT8XWgr07LK2ExFLA1BRks1qtgk=
darvaza.org/slog v0.5.14/go.mod h1:PQfXbRaX8pGYhD5Xi+vAJBCUlHcmajNjMZGAfrcu7/E=
darvaza.org/slog/handlers/discard v0.4.16 h1:Da0eVJzVhVzw4an17RUw2IyFLU4p8bJPstflGP9x0Mk=
darvaza.org/slog/handlers/discard v0.4.16/go.mod h1:TwlJEjWsyXyy3IAYk9CCbIgZRPkvjtc7zPbXK7eFkkk=
darvaza.org/x/fs v0.3.6 h1:rq7jtJqn8k9neM382K8Q/5J2iRk/Pj2tlJ3MwyKbsiU=
darvaza.org/x/fs v0.3.6/go.mod h1:+8XfpO5JA3CRcwytwtpEFpo4iwLnXdSZFHxskHHhyss=
github.com/amery/defaults v0.1.0 h1:4AhTgLUnj8BPjVRBzg4+/cSCwPWPT6+yWCM4rD6Feyc=
github.com/amery/defaults v0.1.0/go.mod h1:duOYkvd60q8XOL1+vdSHx5ABTGDMU2iFKr5xJnMEpBk=
github.com/gobwas/glob v0.2.3 h1:A4xDbljILXROh+kObIiy5kIaPYD8e96x1tgBhUI5J+Y=
github.com/gobwas/glob v0.2.3/go.mod h1:d3Ez4x06l9bZtSvzIay5+Yzi0fmZzPgnTbPcKjJAkT8=
golang.org/x/net v0.31.0 h1:68CPQngjLL0r2AlUKiSxtQFKvzRVbnzLwMUn5SzcLHo=
golang.org/x/net v0.31.0/go.mod h1:P4fl1q7dY2hnZFxEk4pPSkDHF+QqjitcnDjUQyMM+pM=
golang.org/x/net v0.32.0 h1:ZqPmj8Kzc+Y6e0+skZsuACbx+wzMgo5MQsJh9Qd6aYI=
golang.org/x/net v0.32.0/go.mod h1:CwU0IoeOlnQQWJ6ioyFrfRuomB8GKF6KbYXZVyeXNfs=
golang.org/x/sys v0.27.0 h1:wBqf8DvsY9Y/2P8gAfPDEYNuS30J4lPHJxXSb/nJZ+s=
golang.org/x/sys v0.27.0/go.mod h1:/VUhepiaJMQUp4+oa/7Zr1D23ma6VTLIYjOOTFZPUcA=
golang.org/x/sys v0.28.0 h1:Fksou7UEQUWlKvIdsqzJmUmCX3cZuD2+P3XyyzwMhlA=
golang.org/x/sys v0.28.0/go.mod h1:/VUhepiaJMQUp4+oa/7Zr1D23ma6VTLIYjOOTFZPUcA=
golang.org/x/text v0.20.0 h1:gK/Kv2otX8gz+wn7Rmb3vT96ZwuoxnQlY+HlJVj7Qug=
golang.org/x/text v0.20.0/go.mod h1:D4IsuqiFMhST5bX19pQ9ikHC2GsaKyk/oF+pn3ducp4=
golang.org/x/text v0.21.0 h1:zyQAAkrwaneQ066sspRyJaG9VNi/YJ1NfzcGB3hZ/qo=
golang.org/x/text v0.21.0/go.mod h1:4IBbMaMmOPCJ8SecivzSH54+73PCFmPWxNTLm+vZkEQ=
